
Microsoft Visual Studio Solution File, Format Version 12.00
# Visual Studio Version 17
VisualStudioVersion = 17.3.32922.545
MinimumVisualStudioVersion = 10.0.40219.1
Project("{9A19103F-16F7-4668-BE54-9A1E7A4F7556}") = "Project_12", "Project_12\Project_12.csproj", "{264719D9-554F-4038-A83A-FC751652B9BA}"
EndProject
Project("{FAE04EC0-301F-11D3-BF4B-00C04F79EFBC}") = "ClassLibrary", "ClassLibrary\ClassLibrary.csproj", "{D8833EF8-F7D8-4F89-B154-0B1FF0690391}"
EndProject
Global
	GlobalSection(SolutionConfigurationPlatforms) = preSolution
		Debug|Any CPU = Debug|Any CPU
		Release|Any CPU = Release|Any CPU
	EndGlobalSection
	GlobalSection(ProjectConfigurationPlatforms) = postSolution
		{264719D9-554F-4038-A83A-FC751652B9BA}.Debug|Any CPU.ActiveCfg = Debug|Any CPU
		{264719D9-554F-4038-A83A-FC751652B9BA}.Debug|Any CPU.Build.0 = Debug|Any CPU
		{264719D9-554F-4038-A83A-FC751652B9BA}.Release|Any CPU.ActiveCfg = Release|Any CPU
		{264719D9-554F-4038-A83A-FC751652B9BA}.Release|Any CPU.Build.0 = Release|Any CPU
		{D8833EF8-F7D8-4F89-B154-0B1FF0690391}.Debug|Any CPU.ActiveCfg = Debug|Any CPU
		{D8833EF8-F7D8-4F89-B154-0B1FF0690391}.Debug|Any CPU.Build.0 = Debug|Any CPU
		{D8833EF8-F7D8-4F89-B154-0B1FF0690391}.Release|Any CPU.ActiveCfg = Release|Any CPU
		{D8833EF8-F7D8-4F89-B154-0B1FF0690391}.Release|Any CPU.Build.0 = Release|Any CPU
	EndGlobalSection
	GlobalSection(SolutionProperties) = preSolution
		HideSolutionNode = FALSE
	EndGlobalSection
	GlobalSection(ExtensibilityGlobals) = postSolution
		SolutionGuid = {D68C1443-675B-4933-B582-AC708E4665B1}
	EndGlobalSection
EndGlobal
