
Microsoft Visual Studio Solution File, Format Version 12.00
# Visual Studio Version 17
VisualStudioVersion = 17.3.32929.385
MinimumVisualStudioVersion = 10.0.40219.1
Project("{FAE04EC0-301F-11D3-BF4B-00C04F79EFBC}") = "Project_15", "Project_15\Project_15.csproj", "{D757C3EC-651D-41FB-B8E3-6E72BC858FCE}"
EndProject
Global
	GlobalSection(SolutionConfigurationPlatforms) = preSolution
		Debug|Any CPU = Debug|Any CPU
		Release|Any CPU = Release|Any CPU
	EndGlobalSection
	GlobalSection(ProjectConfigurationPlatforms) = postSolution
		{D757C3EC-651D-41FB-B8E3-6E72BC858FCE}.Debug|Any CPU.ActiveCfg = Debug|Any CPU
		{D757C3EC-651D-41FB-B8E3-6E72BC858FCE}.Debug|Any CPU.Build.0 = Debug|Any CPU
		{D757C3EC-651D-41FB-B8E3-6E72BC858FCE}.Release|Any CPU.ActiveCfg = Release|Any CPU
		{D757C3EC-651D-41FB-B8E3-6E72BC858FCE}.Release|Any CPU.Build.0 = Release|Any CPU
	EndGlobalSection
	GlobalSection(SolutionProperties) = preSolution
		HideSolutionNode = FALSE
	EndGlobalSection
	GlobalSection(ExtensibilityGlobals) = postSolution
		SolutionGuid = {B0A7AFB0-D58F-4827-87DE-6B87C6EC6F15}
	EndGlobalSection
EndGlobal
